
Microsoft Visual Studio Solution File, Format Version 12.00
# Visual Studio 15
Project("{FAE04EC0-301F-11D3-BF4B-00C04F79EFBC}") = "TestApp", "TestApp\TestApp\TestApp.csproj", "{4A4E62C2-A999-4B15-AF2B-4A3F4287D72C}"
EndProject
Project("{FAE04EC0-301F-11D3-BF4B-00C04F79EFBC}") = "TestApp.Android", "TestApp\TestApp.Android\TestApp.Android.csproj", "{47F4CE50-326B-4FDD-A226-3A72158F9B2A}"
EndProject
Project("{FAE04EC0-301F-11D3-BF4B-00C04F79EFBC}") = "TestApp.iOS", "TestApp\TestApp.iOS\TestApp.iOS.csproj", "{9B4C41F4-2EA0-4D69-975C-6BB4E71904C7}"
EndProject
Global
	GlobalSection(SolutionConfigurationPlatforms) = preSolution
		Debug|Any CPU = Debug|Any CPU
		Release|Any CPU = Release|Any CPU
		Debug|iPhoneSimulator = Debug|iPhoneSimulator
		Release|iPhoneSimulator = Release|iPhoneSimulator
		Debug|iPhone = Debug|iPhone
		Release|iPhone = Release|iPhone
		Ad-Hoc|iPhone = Ad-Hoc|iPhone
		AppStore|iPhone = AppStore|iPhone
	EndGlobalSection
	GlobalSection(ProjectConfigurationPlatforms) = postSolution
		{4A4E62C2-A999-4B15-AF2B-4A3F4287D72C}.Debug|Any CPU.ActiveCfg = Debug|Any CPU
		{4A4E62C2-A999-4B15-AF2B-4A3F4287D72C}.Debug|Any CPU.Build.0 = Debug|Any CPU
		{4A4E62C2-A999-4B15-AF2B-4A3F4287D72C}.Release|Any CPU.ActiveCfg = Release|Any CPU
		{4A4E62C2-A999-4B15-AF2B-4A3F4287D72C}.Release|Any CPU.Build.0 = Release|Any CPU
		{4A4E62C2-A999-4B15-AF2B-4A3F4287D72C}.Debug|iPhoneSimulator.ActiveCfg = Debug|Any CPU
		{4A4E62C2-A999-4B15-AF2B-4A3F4287D72C}.Debug|iPhoneSimulator.Build.0 = Debug|Any CPU
		{4A4E62C2-A999-4B15-AF2B-4A3F4287D72C}.Release|iPhoneSimulator.ActiveCfg = Release|Any CPU
		{4A4E62C2-A999-4B15-AF2B-4A3F4287D72C}.Release|iPhoneSimulator.Build.0 = Release|Any CPU
		{4A4E62C2-A999-4B15-AF2B-4A3F4287D72C}.Debug|iPhone.ActiveCfg = Debug|Any CPU
		{4A4E62C2-A999-4B15-AF2B-4A3F4287D72C}.Debug|iPhone.Build.0 = Debug|Any CPU
		{4A4E62C2-A999-4B15-AF2B-4A3F4287D72C}.Release|iPhone.ActiveCfg = Release|Any CPU
		{4A4E62C2-A999-4B15-AF2B-4A3F4287D72C}.Release|iPhone.Build.0 = Release|Any CPU
		{4A4E62C2-A999-4B15-AF2B-4A3F4287D72C}.Ad-Hoc|iPhone.ActiveCfg = Debug|Any CPU
		{4A4E62C2-A999-4B15-AF2B-4A3F4287D72C}.Ad-Hoc|iPhone.Build.0 = Debug|Any CPU
		{4A4E62C2-A999-4B15-AF2B-4A3F4287D72C}.AppStore|iPhone.ActiveCfg = Debug|Any CPU
		{4A4E62C2-A999-4B15-AF2B-4A3F4287D72C}.AppStore|iPhone.Build.0 = Debug|Any CPU
		{47F4CE50-326B-4FDD-A226-3A72158F9B2A}.Debug|Any CPU.ActiveCfg = Debug|Any CPU
		{47F4CE50-326B-4FDD-A226-3A72158F9B2A}.Debug|Any CPU.Build.0 = Debug|Any CPU
		{47F4CE50-326B-4FDD-A226-3A72158F9B2A}.Release|Any CPU.ActiveCfg = Release|Any CPU
		{47F4CE50-326B-4FDD-A226-3A72158F9B2A}.Release|Any CPU.Build.0 = Release|Any CPU
		{47F4CE50-326B-4FDD-A226-3A72158F9B2A}.Debug|iPhoneSimulator.ActiveCfg = Debug|Any CPU
		{47F4CE50-326B-4FDD-A226-3A72158F9B2A}.Debug|iPhoneSimulator.Build.0 = Debug|Any CPU
		{47F4CE50-326B-4FDD-A226-3A72158F9B2A}.Release|iPhoneSimulator.ActiveCfg = Release|Any CPU
		{47F4CE50-326B-4FDD-A226-3A72158F9B2A}.Release|iPhoneSimulator.Build.0 = Release|Any CPU
		{47F4CE50-326B-4FDD-A226-3A72158F9B2A}.Debug|iPhone.ActiveCfg = Debug|Any CPU
		{47F4CE50-326B-4FDD-A226-3A72158F9B2A}.Debug|iPhone.Build.0 = Debug|Any CPU
		{47F4CE50-326B-4FDD-A226-3A72158F9B2A}.Release|iPhone.ActiveCfg = Release|Any CPU
		{47F4CE50-326B-4FDD-A226-3A72158F9B2A}.Release|iPhone.Build.0 = Release|Any CPU
		{47F4CE50-326B-4FDD-A226-3A72158F9B2A}.Ad-Hoc|iPhone.ActiveCfg = Debug|Any CPU
		{47F4CE50-326B-4FDD-A226-3A72158F9B2A}.Ad-Hoc|iPhone.Build.0 = Debug|Any CPU
		{47F4CE50-326B-4FDD-A226-3A72158F9B2A}.AppStore|iPhone.ActiveCfg = Debug|Any CPU
		{47F4CE50-326B-4FDD-A226-3A72158F9B2A}.AppStore|iPhone.Build.0 = Debug|Any CPU
		{9B4C41F4-2EA0-4D69-975C-6BB4E71904C7}.Debug|Any CPU.ActiveCfg = Debug|iPhoneSimulator
		{9B4C41F4-2EA0-4D69-975C-6BB4E71904C7}.Debug|Any CPU.Build.0 = Debug|iPhoneSimulator
		{9B4C41F4-2EA0-4D69-975C-6BB4E71904C7}.Release|Any CPU.ActiveCfg = Release|iPhoneSimulator
		{9B4C41F4-2EA0-4D69-975C-6BB4E71904C7}.Release|Any CPU.Build.0 = Release|iPhoneSimulator
		{9B4C41F4-2EA0-4D69-975C-6BB4E71904C7}.Debug|iPhoneSimulator.ActiveCfg = Debug|iPhoneSimulator
		{9B4C41F4-2EA0-4D69-975C-6BB4E71904C7}.Debug|iPhoneSimulator.Build.0 = Debug|iPhoneSimulator
		{9B4C41F4-2EA0-4D69-975C-6BB4E71904C7}.Release|iPhoneSimulator.ActiveCfg = Release|iPhoneSimulator
		{9B4C41F4-2EA0-4D69-975C-6BB4E71904C7}.Release|iPhoneSimulator.Build.0 = Release|iPhoneSimulator
		{9B4C41F4-2EA0-4D69-975C-6BB4E71904C7}.Debug|iPhone.ActiveCfg = Debug|iPhone
		{9B4C41F4-2EA0-4D69-975C-6BB4E71904C7}.Debug|iPhone.Build.0 = Debug|iPhone
		{9B4C41F4-2EA0-4D69-975C-6BB4E71904C7}.Release|iPhone.ActiveCfg = Release|iPhone
		{9B4C41F4-2EA0-4D69-975C-6BB4E71904C7}.Release|iPhone.Build.0 = Release|iPhone
		{9B4C41F4-2EA0-4D69-975C-6BB4E71904C7}.Ad-Hoc|iPhone.ActiveCfg = Ad-Hoc|iPhone
		{9B4C41F4-2EA0-4D69-975C-6BB4E71904C7}.Ad-Hoc|iPhone.Build.0 = Ad-Hoc|iPhone
		{9B4C41F4-2EA0-4D69-975C-6BB4E71904C7}.AppStore|iPhone.ActiveCfg = AppStore|iPhone
		{9B4C41F4-2EA0-4D69-975C-6BB4E71904C7}.AppStore|iPhone.Build.0 = AppStore|iPhone
	EndGlobalSection
EndGlobal
